45, 1
13, 6
14, 0
10, 0
0, 1
53, 4
18, 1
24, 0
49, 0
33, 1
38, 0
28, 0
37, 1
52, 6
32, 1
53, 2
45, 6
3, 0
25, 5
28, 2
36, 0
25, 1
15, 4
30, 1
11, 4
2, 0
0, 2
6, 0
10, 1
0, 0
0, 0
10, 0
10, 0
15, 6
5, 1
35, 0
10, 6
0, 0
0, 0
6, 4
12, 0
52, 4
30, 0
2, 4
7, 1
12, 0
51, 6
18, 0
23, 0
0, 0
7, 0
34, 0
12, 0
40, 0
49, 0
1, 2
31, 6
44, 0
2, 6
32, 0
38, 0
43, 0
20, 6
11, 0
46, 0
26, 1
21, 0
20, 6
15, 1
41, 0
1, 5
11, 0
36, 1
37, 5
31, 4
36, 6
27, 1
17, 0
0, 4
0, 4
1, 1
0, 1
5, 0
10, 0
12, 6
0, 1
47, 1
37, 6
15, 0
45, 0
20, 0
26, 0
7, 6
0, 1
0, 1
5, 1
13, 0
6, 4
0, 0
0, 1
0, 0
6, 4
47, 1
38, 6
1, 5
25, 6
15, 0
53, 0
0, 0
20, 0
1, 6
11, 0
31, 6
41, 4
16, 0
21, 5
26, 4
6, 6
0, 1
5, 5
10, 0
16, 0
35, 4
10, 0
21, 0
1, 6
5, 6
42, 0
48, 0
22, 0
10, 0
8, 4
51, 4
46, 6
2, 6
40, 6
11, 1
2, 1
47, 0
6, 2
39, 0
50, 4
6, 0
8, 0
52, 0
31, 0
35, 0
0, 0
30, 0
20, 0
1, 0
14, 0
46, 1
40, 0
23, 0
50, 2
30, 1
16, 1
21, 0
11, 0
5, 5
0, 0
35, 1
6, 0
22, 1
12, 1
42, 1
0, 4
42, 1
9, 0
37, 0
22, 2
24, 2
43, 0
27, 2
0, 5
0, 0
7, 0
0, 0
6, 0
17, 5
27, 0
11, 6
2, 1
25, 4
20, 5
5, 6
10, 4
0, 5
15, 5
0, 5
15, 1
30, 5
2, 5
25, 4
20, 1
11, 0
5, 1
52, 2
11, 5
53, 4
42, 6
18, 4
0, 1
26, 0
5, 1
17, 1
11, 6
1, 6
53, 0
27, 0
45, 4
33, 0
51, 0
40, 4
16, 0
12, 4
10, 1
30, 0
5, 1
52, 0
46, 1
45, 0
20, 0
30, 0
0, 0
40, 0
25, 0
6, 4
37, 0
35, 0
5, 1
15, 0
25, 0
40, 0
20, 1
53, 0
20, 0
35, 0
52, 0
5, 1
10, 1
17, 4
47, 1
4, 0
26, 6
37, 0
23, 1
46, 2
0, 0
43, 1
2, 2
40, 0
21, 1
50, 5
1, 6
11, 4
6, 5
31, 0
45, 0
13, 1
16, 4
22, 0
38, 1
52, 0
26, 0
8, 0
7, 0
7, 0
15, 0
10, 1
25, 0
0, 0
1, 6
50, 0
15, 0
0, 0
5, 1
20, 0
10, 0
19, 0
14, 1
1, 0
0, 1
42, 0
27, 6
30, 4
10, 0
41, 0
30, 4
22, 6
0, 1
15, 4
0, 1
20, 4
46, 0
25, 1
52, 1
48, 2
32, 6
10, 0
0, 1
47, 1
51, 0
37, 4
36, 1
0, 1
5, 4
0, 1
5, 4
5, 5
10, 0
1, 4
6, 0
5, 4
5, 4
10, 0
5, 5
10, 0
1, 4
6, 0
15, 1
20, 1
5, 4
10, 0
1, 5
6, 0
1, 6
6, 0
15, 1
20, 1
15, 1
20, 1
21, 6
5, 1
5, 1
15, 0
0, 0
10, 1
30, 0
20, 0
0, 1
35, 1
10, 1
15, 0
0, 0
40, 0
53, 4
12, 2
34, 2
17, 0
6, 1
9, 0
49, 6
19, 0
44, 2
2, 1
40, 2
16, 5
29, 0
5, 2
0, 6
18, 6
6, 1
41, 1
43, 6
27, 4
21, 4
11, 1
16, 5
50, 6
35, 6
0, 6
10, 0
8, 0
25, 1
50, 0
12, 5
0, 1
53, 6
18, 2
36, 0
17, 6
48, 0
0, 3
30, 6
6, 0
5, 0
41, 0
34, 0
47, 0
44, 0
31, 0
42, 4
27, 0
12, 0
7, 0
40, 0
46, 4
41, 6
30, 0
8, 6
42, 1
0, 0
25, 0
15, 0
20, 0
50, 1
30, 0
40, 0
52, 0
22, 0
35, 0
0, 5
10, 4
45, 0
5, 1
10, 0
7, 4
0, 1
5, 4
0, 0
0, 1
28, 1
45, 1
17, 4
15, 2
48, 6
30, 2
21, 0
47, 2
25, 0
36, 5
13, 2
14, 6
48, 1
22, 0
42, 2
13, 4
8, 5
40, 0
53, 4
52, 5
1, 0
29, 0
20, 2
5, 1
23, 0
22, 0
35, 0
11, 0
17, 0
0, 0
53, 1
4, 0
25, 0
30, 0
2, 0
16, 6
11, 0
20, 5
1, 4
0, 5
5, 6
15, 5
10, 0
33, 0
3, 0
33, 0
31, 5
21, 2
40, 5
6, 0
13, 0
18, 0
41, 0
20, 4
32, 0
6, 0
45, 1
5, 4
20, 6
50, 0
27, 0
32, 0
26, 5
1, 1
5, 0
17, 6
22, 1
51, 0
36, 4
1, 0
1, 4
42, 0
41, 0
5, 0
18, 0
0, 0
11, 0
18, 0
7, 5
12, 0
0, 4
6, 0
39, 0
28, 6
30, 1
8, 1
16, 2
15, 6
35, 5
13, 0
1, 4
24, 0
16, 1
1, 4
21, 0
46, 0
0, 0
45, 1
41, 5
16, 6
31, 1
11, 0
26, 1
6, 0
40, 1
23, 4
23, 6
42, 1
40, 0
22, 0
47, 1
16, 0
53, 4
6, 5
2, 0
2, 0
2, 0
17, 1
23, 2
22, 0
28, 0
29, 1
7, 0
2, 0
7, 0
2, 0
7, 6
12, 0
0, 0
2, 0
53, 4
41, 0
17, 4
12, 1
20, 0
0, 1
5, 1
31, 0
0, 0
46, 0
10, 0
36, 0
51, 0
15, 1
26, 0
5, 1
41, 2
35, 1
15, 4
53, 4
25, 0
15, 0
1, 5
51, 1
45, 0
20, 4
0, 0
46, 5
5, 5
0, 1
40, 1
31, 1
10, 1
25, 0
2, 0
50, 1
15, 0
10, 1
30, 1
45, 1
25, 0
0, 0
32, 0
21, 1
16, 1
11, 0
1, 6
6, 4
2, 1
48, 0
5, 4
10, 5
0, 0
5, 4
